
Microsoft Visual Studio Solution File, Format Version 12.00
# Visual Studio Version 16
VisualStudioVersion = 16.0.30114.105
MinimumVisualStudioVersion = 10.0.40219.1
Project("{9092AA53-FB77-4645-B42D-1CCCA6BD08BD}") = "Lab2", "Lab2\Lab2.njsproj", "{4C206E4E-9C42-420F-A2BA-286B25925D4F}"
EndProject
Global
	GlobalSection(SolutionConfigurationPlatforms) = preSolution
		Debug|Any CPU = Debug|Any CPU
		Release|Any CPU = Release|Any CPU
	EndGlobalSection
	GlobalSection(ProjectConfigurationPlatforms) = postSolution
		{4C206E4E-9C42-420F-A2BA-286B25925D4F}.Debug|Any CPU.ActiveCfg = Debug|Any CPU
		{4C206E4E-9C42-420F-A2BA-286B25925D4F}.Debug|Any CPU.Build.0 = Debug|Any CPU
		{4C206E4E-9C42-420F-A2BA-286B25925D4F}.Release|Any CPU.ActiveCfg = Release|Any CPU
		{4C206E4E-9C42-420F-A2BA-286B25925D4F}.Release|Any CPU.Build.0 = Release|Any CPU
	EndGlobalSection
	GlobalSection(SolutionProperties) = preSolution
		HideSolutionNode = FALSE
	EndGlobalSection
	GlobalSection(ExtensibilityGlobals) = postSolution
		SolutionGuid = {13DA01D4-E5E4-4DDE-8FA4-6A90266AFA27}
	EndGlobalSection
EndGlobal
